
Microsoft Visual Studio Solution File, Format Version 12.00
# Visual Studio Version 17
VisualStudioVersion = 17.6.33712.159
MinimumVisualStudioVersion = 10.0.40219.1
Project("{9A19103F-16F7-4668-BE54-9A1E7A4F7556}") = "DurableFunctionApp1", "DurableFunctionApp1\DurableFunctionApp1.csproj", "{93A65D25-33D8-42F3-AFE0-E8781F5A92FC}"
EndProject
Global
	GlobalSection(SolutionConfigurationPlatforms) = preSolution
		Debug|Any CPU = Debug|Any CPU
		Release|Any CPU = Release|Any CPU
	EndGlobalSection
	GlobalSection(ProjectConfigurationPlatforms) = postSolution
		{93A65D25-33D8-42F3-AFE0-E8781F5A92FC}.Debug|Any CPU.ActiveCfg = Debug|Any CPU
		{93A65D25-33D8-42F3-AFE0-E8781F5A92FC}.Debug|Any CPU.Build.0 = Debug|Any CPU
		{93A65D25-33D8-42F3-AFE0-E8781F5A92FC}.Release|Any CPU.ActiveCfg = Release|Any CPU
		{93A65D25-33D8-42F3-AFE0-E8781F5A92FC}.Release|Any CPU.Build.0 = Release|Any CPU
	EndGlobalSection
	GlobalSection(SolutionProperties) = preSolution
		HideSolutionNode = FALSE
	EndGlobalSection
	GlobalSection(ExtensibilityGlobals) = postSolution
		SolutionGuid = {FC19FF41-6EEF-4063-AD30-0EB858DF338F}
	EndGlobalSection
EndGlobal
